{
  "name": "police-tester",
  "version": "1.0.0",
  "lockfileVersion": 3,
  "requires": true,
  "packages": {
    "": {
      "name": "police-tester",
      "version": "1.0.0",
      "license": "ISC",
      "dependencies": {
        "pumpkin-police": "^1.0.0"
      }
    },
    "node_modules/pumpkin-police": {
      "version": "1.0.0",
      "resolved": "https://registry.npmjs.org/pumpkin-police/-/pumpkin-police-1.0.0.tgz",
      "integrity": "sha512-bdcUV9zwSxAofbkGRNj+k/PEy9ofkAsoo4lzncnwdHftpVgTJnGc8SAapuUvDZX0UoiJruZlUGP++zrE1FgHDA==",
      "license": "ISC"
    }
  }
}
